
Microsoft Visual Studio Solution File, Format Version 12.00
# Visual Studio 15
VisualStudioVersion = 15.0.26730.15
MinimumVisualStudioVersion = 10.0.40219.1
Project("{FAE04EC0-301F-11D3-BF4B-00C04F79EFBC}") = "EntityCodeFirstHansol", "EntityCodeFirstHansol\EntityCodeFirstHansol.csproj", "{63C9C1AF-BFA5-40F4-B668-91079F705C98}"
EndProject
Global
	GlobalSection(SolutionConfigurationPlatforms) = preSolution
		Debug|Any CPU = Debug|Any CPU
		Release|Any CPU = Release|Any CPU
	EndGlobalSection
	GlobalSection(ProjectConfigurationPlatforms) = postSolution
		{63C9C1AF-BFA5-40F4-B668-91079F705C98}.Debug|Any CPU.ActiveCfg = Debug|Any CPU
		{63C9C1AF-BFA5-40F4-B668-91079F705C98}.Debug|Any CPU.Build.0 = Debug|Any CPU
		{63C9C1AF-BFA5-40F4-B668-91079F705C98}.Release|Any CPU.ActiveCfg = Release|Any CPU
		{63C9C1AF-BFA5-40F4-B668-91079F705C98}.Release|Any CPU.Build.0 = Release|Any CPU
	EndGlobalSection
	GlobalSection(SolutionProperties) = preSolution
		HideSolutionNode = FALSE
	EndGlobalSection
	GlobalSection(ExtensibilityGlobals) = postSolution
		SolutionGuid = {247625D7-1F8F-41C7-95A3-7E1CD3C06459}
	EndGlobalSection
EndGlobal
